
Microsoft Visual Studio Solution File, Format Version 12.00
# Visual Studio Version 16
VisualStudioVersion = 16.0.32802.440
MinimumVisualStudioVersion = 10.0.40219.1
Project("{9A19103F-16F7-4668-BE54-9A1E7A4F7556}") = "App", "App\App.csproj", "{24DB90CD-5C86-4B2A-A2B7-00DFE819BFDC}"
EndProject
Project("{9A19103F-16F7-4668-BE54-9A1E7A4F7556}") = "Lib", "Lib\Lib.csproj", "{B6A0FF63-1A91-4D7A-8262-04197BDD990C}"
EndProject
Project("{9A19103F-16F7-4668-BE54-9A1E7A4F7556}") = "GATest", "GATest\GATest.csproj", "{DEC86E71-C587-4701-B7F7-F11685AD817E}"
EndProject
Project("{FAE04EC0-301F-11D3-BF4B-00C04F79EFBC}") = "GASpreadsheets", "GASpreadsheets\GASpreadsheets.csproj", "{B7B0E390-F1DD-4195-911F-ED43455E46A8}"
EndProject
Global
	GlobalSection(SolutionConfigurationPlatforms) = preSolution
		Debug|Any CPU = Debug|Any CPU
		Release|Any CPU = Release|Any CPU
	EndGlobalSection
	GlobalSection(ProjectConfigurationPlatforms) = postSolution
		{24DB90CD-5C86-4B2A-A2B7-00DFE819BFDC}.Debug|Any CPU.ActiveCfg = Debug|Any CPU
		{24DB90CD-5C86-4B2A-A2B7-00DFE819BFDC}.Debug|Any CPU.Build.0 = Debug|Any CPU
		{24DB90CD-5C86-4B2A-A2B7-00DFE819BFDC}.Release|Any CPU.ActiveCfg = Release|Any CPU
		{24DB90CD-5C86-4B2A-A2B7-00DFE819BFDC}.Release|Any CPU.Build.0 = Release|Any CPU
		{B6A0FF63-1A91-4D7A-8262-04197BDD990C}.Debug|Any CPU.ActiveCfg = Debug|Any CPU
		{B6A0FF63-1A91-4D7A-8262-04197BDD990C}.Debug|Any CPU.Build.0 = Debug|Any CPU
		{B6A0FF63-1A91-4D7A-8262-04197BDD990C}.Release|Any CPU.ActiveCfg = Release|Any CPU
		{B6A0FF63-1A91-4D7A-8262-04197BDD990C}.Release|Any CPU.Build.0 = Release|Any CPU
		{DEC86E71-C587-4701-B7F7-F11685AD817E}.Debug|Any CPU.ActiveCfg = Debug|Any CPU
		{DEC86E71-C587-4701-B7F7-F11685AD817E}.Debug|Any CPU.Build.0 = Debug|Any CPU
		{DEC86E71-C587-4701-B7F7-F11685AD817E}.Release|Any CPU.ActiveCfg = Release|Any CPU
		{DEC86E71-C587-4701-B7F7-F11685AD817E}.Release|Any CPU.Build.0 = Release|Any CPU
		{B7B0E390-F1DD-4195-911F-ED43455E46A8}.Debug|Any CPU.ActiveCfg = Debug|Any CPU
		{B7B0E390-F1DD-4195-911F-ED43455E46A8}.Debug|Any CPU.Build.0 = Debug|Any CPU
		{B7B0E390-F1DD-4195-911F-ED43455E46A8}.Release|Any CPU.ActiveCfg = Release|Any CPU
		{B7B0E390-F1DD-4195-911F-ED43455E46A8}.Release|Any CPU.Build.0 = Release|Any CPU
	EndGlobalSection
	GlobalSection(SolutionProperties) = preSolution
		HideSolutionNode = FALSE
	EndGlobalSection
	GlobalSection(ExtensibilityGlobals) = postSolution
		SolutionGuid = {F5F82876-BC51-486B-BE24-DA53BC81C14A}
	EndGlobalSection
EndGlobal
